{
  "name": "fr4nk",
  "lockfileVersion": 2,
  "requires": true,
  "packages": {
    "": {
      "dependencies": {
        "frank-frame-print": "^1.0.0"
      }
    },
    "node_modules/frank-frame-print": {
      "version": "1.0.0",
      "resolved": "https://registry.npmjs.org/frank-frame-print/-/frank-frame-print-1.0.0.tgz",
      "integrity": "sha512-sB/mCGQQb5aFfySAJDnZC7Pi6dIbc7tK3iutDi1VijYe9DYgpqotVVTu3EgGUYKnXSAIS9qBvbJlWqyhTVqrIA=="
    }
  },
  "dependencies": {
    "frank-frame-print": {
      "version": "1.0.0",
      "resolved": "https://registry.npmjs.org/frank-frame-print/-/frank-frame-print-1.0.0.tgz",
      "integrity": "sha512-sB/mCGQQb5aFfySAJDnZC7Pi6dIbc7tK3iutDi1VijYe9DYgpqotVVTu3EgGUYKnXSAIS9qBvbJlWqyhTVqrIA=="
    }
  }
}
